
Microsoft Visual Studio Solution File, Format Version 12.00
# Visual Studio Version 16
VisualStudioVersion = 16.0.30717.126
MinimumVisualStudioVersion = 10.0.40219.1
Project("{9A19103F-16F7-4668-BE54-9A1E7A4F7556}") = "Zadanie1", "Zadanie1\Zadanie1.csproj", "{BF66A57B-32CC-4D53-926F-58ED45C2270A}"
EndProject
Project("{9A19103F-16F7-4668-BE54-9A1E7A4F7556}") = "Zadanie1UnitTests", "Zadanie1UnitTests\Zadanie1UnitTests.csproj", "{3A0B0E2C-6BBF-4A12-83EC-2114DDEABCB7}"
EndProject
Project("{9A19103F-16F7-4668-BE54-9A1E7A4F7556}") = "Zadanie3", "Zadanie2\Zadanie3.csproj", "{9B9EB57A-2A3E-49BA-884F-C095EBD30A87}"
EndProject
Project("{FAE04EC0-301F-11D3-BF4B-00C04F79EFBC}") = "Zadanie2", "Zadanie2\Zadanie2.csproj", "{B537C428-D3C0-4533-8480-482E5A525BAD}"
EndProject
Global
	GlobalSection(SolutionConfigurationPlatforms) = preSolution
		Debug|Any CPU = Debug|Any CPU
		Release|Any CPU = Release|Any CPU
	EndGlobalSection
	GlobalSection(ProjectConfigurationPlatforms) = postSolution
		{BF66A57B-32CC-4D53-926F-58ED45C2270A}.Debug|Any CPU.ActiveCfg = Debug|Any CPU
		{BF66A57B-32CC-4D53-926F-58ED45C2270A}.Debug|Any CPU.Build.0 = Debug|Any CPU
		{BF66A57B-32CC-4D53-926F-58ED45C2270A}.Release|Any CPU.ActiveCfg = Release|Any CPU
		{BF66A57B-32CC-4D53-926F-58ED45C2270A}.Release|Any CPU.Build.0 = Release|Any CPU
		{3A0B0E2C-6BBF-4A12-83EC-2114DDEABCB7}.Debug|Any CPU.ActiveCfg = Debug|Any CPU
		{3A0B0E2C-6BBF-4A12-83EC-2114DDEABCB7}.Debug|Any CPU.Build.0 = Debug|Any CPU
		{3A0B0E2C-6BBF-4A12-83EC-2114DDEABCB7}.Release|Any CPU.ActiveCfg = Release|Any CPU
		{3A0B0E2C-6BBF-4A12-83EC-2114DDEABCB7}.Release|Any CPU.Build.0 = Release|Any CPU
		{9B9EB57A-2A3E-49BA-884F-C095EBD30A87}.Debug|Any CPU.ActiveCfg = Debug|Any CPU
		{9B9EB57A-2A3E-49BA-884F-C095EBD30A87}.Debug|Any CPU.Build.0 = Debug|Any CPU
		{9B9EB57A-2A3E-49BA-884F-C095EBD30A87}.Release|Any CPU.ActiveCfg = Release|Any CPU
		{9B9EB57A-2A3E-49BA-884F-C095EBD30A87}.Release|Any CPU.Build.0 = Release|Any CPU
		{B537C428-D3C0-4533-8480-482E5A525BAD}.Debug|Any CPU.ActiveCfg = Debug|Any CPU
		{B537C428-D3C0-4533-8480-482E5A525BAD}.Debug|Any CPU.Build.0 = Debug|Any CPU
		{B537C428-D3C0-4533-8480-482E5A525BAD}.Release|Any CPU.ActiveCfg = Release|Any CPU
		{B537C428-D3C0-4533-8480-482E5A525BAD}.Release|Any CPU.Build.0 = Release|Any CPU
	EndGlobalSection
	GlobalSection(SolutionProperties) = preSolution
		HideSolutionNode = FALSE
	EndGlobalSection
	GlobalSection(ExtensibilityGlobals) = postSolution
		SolutionGuid = {1DA28641-5C00-4949-8E20-8E599993843F}
	EndGlobalSection
EndGlobal
